
Microsoft Visual Studio Solution File, Format Version 12.00
# Visual Studio Version 17
VisualStudioVersion = 17.0.31903.59
MinimumVisualStudioVersion = 10.0.40219.1
Project("{FAE04EC0-301F-11D3-BF4B-00C04F79EFBC}") = "SnowIdGenerator", "SnowIdGenerator.csproj", "{C3397853-57B5-40F9-951E-2A2C510D6BD8}"
EndProject
Project("{FAE04EC0-301F-11D3-BF4B-00C04F79EFBC}") = "Test", "..\Test\Test.csproj", "{4CC42B38-EC2F-49C0-9C98-40610E194ECA}"
EndProject
Global
	GlobalSection(SolutionConfigurationPlatforms) = preSolution
		Debug|Any CPU = Debug|Any CPU
		Release|Any CPU = Release|Any CPU
	EndGlobalSection
	GlobalSection(ProjectConfigurationPlatforms) = postSolution
		{C3397853-57B5-40F9-951E-2A2C510D6BD8}.Debug|Any CPU.ActiveCfg = Debug|Any CPU
		{C3397853-57B5-40F9-951E-2A2C510D6BD8}.Debug|Any CPU.Build.0 = Debug|Any CPU
		{C3397853-57B5-40F9-951E-2A2C510D6BD8}.Release|Any CPU.ActiveCfg = Release|Any CPU
		{C3397853-57B5-40F9-951E-2A2C510D6BD8}.Release|Any CPU.Build.0 = Release|Any CPU
		{4CC42B38-EC2F-49C0-9C98-40610E194ECA}.Debug|Any CPU.ActiveCfg = Debug|Any CPU
		{4CC42B38-EC2F-49C0-9C98-40610E194ECA}.Debug|Any CPU.Build.0 = Debug|Any CPU
		{4CC42B38-EC2F-49C0-9C98-40610E194ECA}.Release|Any CPU.ActiveCfg = Release|Any CPU
		{4CC42B38-EC2F-49C0-9C98-40610E194ECA}.Release|Any CPU.Build.0 = Release|Any CPU
	EndGlobalSection
	GlobalSection(SolutionProperties) = preSolution
		HideSolutionNode = FALSE
	EndGlobalSection
	GlobalSection(ExtensibilityGlobals) = postSolution
		SolutionGuid = {DAE03A35-2C9A-4B2D-AD85-9C06BEA2427C}
	EndGlobalSection
EndGlobal
